
Microsoft Visual Studio Solution File, Format Version 12.00
# Visual Studio Version 17
VisualStudioVersion = 17.7.34024.191
MinimumVisualStudioVersion = 10.0.40219.1
Project("{9A19103F-16F7-4668-BE54-9A1E7A4F7556}") = "schoolapp.application", "schoolapp.application\schoolapp.application.csproj", "{C71FD2D8-480D-496E-8937-FAFD8997E821}"
EndProject
Project("{9A19103F-16F7-4668-BE54-9A1E7A4F7556}") = "schoolapp.domain", "schoolapp.domain\schoolapp.domain.csproj", "{95D2C147-F9C9-4722-8628-1EB704C12777}"
EndProject
Project("{9A19103F-16F7-4668-BE54-9A1E7A4F7556}") = "schoolapp.infrastructure", "schoolapp.infrastructure\schoolapp.infrastructure.csproj", "{D33C63AF-A109-49B2-87D8-22A12B8F2F5C}"
EndProject
Project("{9A19103F-16F7-4668-BE54-9A1E7A4F7556}") = "schoolapp.webapi", "schoolapp.webapi\schoolapp.webapi.csproj", "{9F9DFB4B-F679-4704-B11E-84E63FCD90D0}"
EndProject
Global
	GlobalSection(SolutionConfigurationPlatforms) = preSolution
		Debug|Any CPU = Debug|Any CPU
		Release|Any CPU = Release|Any CPU
	EndGlobalSection
	GlobalSection(ProjectConfigurationPlatforms) = postSolution
		{C71FD2D8-480D-496E-8937-FAFD8997E821}.Debug|Any CPU.ActiveCfg = Debug|Any CPU
		{C71FD2D8-480D-496E-8937-FAFD8997E821}.Debug|Any CPU.Build.0 = Debug|Any CPU
		{C71FD2D8-480D-496E-8937-FAFD8997E821}.Release|Any CPU.ActiveCfg = Release|Any CPU
		{C71FD2D8-480D-496E-8937-FAFD8997E821}.Release|Any CPU.Build.0 = Release|Any CPU
		{95D2C147-F9C9-4722-8628-1EB704C12777}.Debug|Any CPU.ActiveCfg = Debug|Any CPU
		{95D2C147-F9C9-4722-8628-1EB704C12777}.Debug|Any CPU.Build.0 = Debug|Any CPU
		{95D2C147-F9C9-4722-8628-1EB704C12777}.Release|Any CPU.ActiveCfg = Release|Any CPU
		{95D2C147-F9C9-4722-8628-1EB704C12777}.Release|Any CPU.Build.0 = Release|Any CPU
		{D33C63AF-A109-49B2-87D8-22A12B8F2F5C}.Debug|Any CPU.ActiveCfg = Debug|Any CPU
		{D33C63AF-A109-49B2-87D8-22A12B8F2F5C}.Debug|Any CPU.Build.0 = Debug|Any CPU
		{D33C63AF-A109-49B2-87D8-22A12B8F2F5C}.Release|Any CPU.ActiveCfg = Release|Any CPU
		{D33C63AF-A109-49B2-87D8-22A12B8F2F5C}.Release|Any CPU.Build.0 = Release|Any CPU
		{9F9DFB4B-F679-4704-B11E-84E63FCD90D0}.Debug|Any CPU.ActiveCfg = Debug|Any CPU
		{9F9DFB4B-F679-4704-B11E-84E63FCD90D0}.Debug|Any CPU.Build.0 = Debug|Any CPU
		{9F9DFB4B-F679-4704-B11E-84E63FCD90D0}.Release|Any CPU.ActiveCfg = Release|Any CPU
		{9F9DFB4B-F679-4704-B11E-84E63FCD90D0}.Release|Any CPU.Build.0 = Release|Any CPU
	EndGlobalSection
	GlobalSection(SolutionProperties) = preSolution
		HideSolutionNode = FALSE
	EndGlobalSection
	GlobalSection(ExtensibilityGlobals) = postSolution
		SolutionGuid = {AC270408-FFBD-4952-8283-11A89A4CA1B4}
	EndGlobalSection
EndGlobal
